
Microsoft Visual Studio Solution File, Format Version 12.00
# Visual Studio Version 17
VisualStudioVersion = 17.10.35013.160
MinimumVisualStudioVersion = 10.0.40219.1
Project("{FAE04EC0-301F-11D3-BF4B-00C04F79EFBC}") = "WebApiEchoTune", "WebApiEchoTune.csproj", "{45288391-F484-47FC-8839-81C81D5D22FC}"
EndProject
Global
	GlobalSection(SolutionConfigurationPlatforms) = preSolution
		Debug|Any CPU = Debug|Any CPU
		Release|Any CPU = Release|Any CPU
	EndGlobalSection
	GlobalSection(ProjectConfigurationPlatforms) = postSolution
		{45288391-F484-47FC-8839-81C81D5D22FC}.Debug|Any CPU.ActiveCfg = Debug|Any CPU
		{45288391-F484-47FC-8839-81C81D5D22FC}.Debug|Any CPU.Build.0 = Debug|Any CPU
		{45288391-F484-47FC-8839-81C81D5D22FC}.Release|Any CPU.ActiveCfg = Release|Any CPU
		{45288391-F484-47FC-8839-81C81D5D22FC}.Release|Any CPU.Build.0 = Release|Any CPU
	EndGlobalSection
	GlobalSection(SolutionProperties) = preSolution
		HideSolutionNode = FALSE
	EndGlobalSection
	GlobalSection(ExtensibilityGlobals) = postSolution
		SolutionGuid = {00030959-2340-45EE-B6DF-DBC266B19FF1}
	EndGlobalSection
EndGlobal
